--- 
hash: 61f8739d0253c1ff1d4c7a57e1a76434959b6a5e
sources: 
- Rubygems: 
    uri: http://gemcutter.org
specs: 
- rake: 
    version: 0.8.7
- abstract: 
    version: 1.0.0
- activesupport: 
    version: 3.0.0.beta4
- builder: 
    version: 2.1.2
- i18n: 
    version: 0.4.1
- activemodel: 
    version: 3.0.0.beta4
- erubis: 
    version: 2.6.6
- rack: 
    version: 1.1.0
- rack-mount: 
    version: 0.6.6
- rack-test: 
    version: 0.5.4
- tzinfo: 
    version: 0.3.22
- actionpack: 
    version: 3.0.0.beta4
- mime-types: 
    version: "1.16"
- polyglot: 
    version: 0.3.1
- treetop: 
    version: 1.4.8
- mail: 
    version: 2.2.5
- actionmailer: 
    version: 3.0.0.beta4
- arel: 
    version: 0.4.0
- activerecord: 
    version: 3.0.0.beta4
- activeresource: 
    version: 3.0.0.beta4
- bundler: 
    version: 0.9.26
- diff-lcs: 
    version: 1.1.2
- mysql: 
    version: 2.8.1
- nokogiri: 
    version: 1.4.2
- thor: 
    version: 0.13.7
- railties: 
    version: 3.0.0.beta4
- rails: 
    version: 3.0.0.beta4
- rspec-core: 
    version: 2.0.0.beta.15
- rspec-expectations: 
    version: 2.0.0.beta.15
- rspec-mocks: 
    version: 2.0.0.beta.15
- rspec: 
    version: 2.0.0.beta.15
- webrat: 
    version: 0.7.1
- rspec-rails: 
    version: 2.0.0.beta.15
- will_paginate: 
    version: 3.0.pre
dependencies: 
  rails: 
    version: = 3.0.0.beta4
    group: 
    - :default
  rack: 
    version: ">= 0"
    group: 
    - :default
  mysql: 
    version: ">= 0"
    group: 
    - :default
  will_paginate: 
    version: ">= 3.0.pre"
    group: 
    - :default
  rspec: 
    version: ">= 2.0.0.beta.1"
    group: 
    - :default
  rspec-rails: 
    version: ">= 2.0.0.beta.1"
    group: 
    - :default
  webrat: 
    version: ">= 0"
    group: 
    - :test
