--- 
dependencies: 
  rails: 
    group: 
    - :default
    version: = 3.0.0.beta3
  mysql: 
    group: 
    - :default
    version: = 2.7
  rspec: 
    group: 
    - :default
    version: ">= 2.0.0.beta.1"
  jalalidate: 
    group: 
    - :default
    version: ">= 0"
  rspec-rails: 
    group: 
    - :default
    version: ">= 2.0.0.beta.1"
  rack: 
    group: 
    - :default
    version: ">= 0"
  webrat: 
    group: 
    - :test
    version: ">= 0"
  farsifu: 
    group: 
    - :default
    version: ">= 0"
  calendar: 
    group: 
    - :default
    version: ">= 0"
specs: 
- rake: 
    version: 0.8.7
- abstract: 
    version: 1.0.0
- builder: 
    version: 2.1.2
- i18n: 
    version: 0.3.7
- memcache-client: 
    version: 1.8.3
- tzinfo: 
    version: 0.3.20
- activesupport: 
    version: 3.0.0.beta3
- activemodel: 
    version: 3.0.0.beta3
- erubis: 
    version: 2.6.5
- rack: 
    version: 1.1.0
- rack-mount: 
    version: 0.6.3
- rack-test: 
    version: 0.5.3
- actionpack: 
    version: 3.0.0.beta3
- mime-types: 
    version: "1.16"
- polyglot: 
    version: 0.3.1
- treetop: 
    version: 1.4.5
- mail: 
    version: 2.2.0
- text-hyphen: 
    version: 1.0.0
- text-format: 
    version: 1.0.0
- actionmailer: 
    version: 3.0.0.beta3
- arel: 
    version: 0.3.3
- activerecord: 
    version: 3.0.0.beta3
- activeresource: 
    version: 3.0.0.beta3
- bundler: 
    version: 0.9.25
- calendar: 
    version: 1.11.4
- farsifu: 
    version: 0.2.0
- jalalidate: 
    version: 0.2.1
- mysql: 
    version: "2.7"
- nokogiri: 
    version: 1.4.1
- thor: 
    version: 0.13.6
- railties: 
    version: 3.0.0.beta3
- rails: 
    version: 3.0.0.beta3
- rspec-core: 
    version: 2.0.0.beta.5
- rspec-expectations: 
    version: 2.0.0.beta.5
- rspec-mocks: 
    version: 2.0.0.beta.5
- rspec: 
    version: 2.0.0.beta.5
- webrat: 
    version: 0.7.0
- rspec-rails: 
    version: 2.0.0.beta.5
hash: e8ed81f0df9a6d791c15aef1d4d436ce7432cbd8
sources: 
- Rubygems: 
    uri: http://gemcutter.org
